
Microsoft Visual Studio Solution File, Format Version 12.00
# Visual Studio 15
VisualStudioVersion = 15.0.26403.7
MinimumVisualStudioVersion = 10.0.40219.1
Project("{FAE04EC0-301F-11D3-BF4B-00C04F79EFBC}") = "SharedLibrary", "SharedLibrary\SharedLibrary.csproj", "{5E0B4A00-FD6F-4A30-BECD-2B194DC2B307}"
EndProject
Project("{FAE04EC0-301F-11D3-BF4B-00C04F79EFBC}") = "TestingApi", "TestingApi\TestingApi.csproj", "{078C0F30-8613-4370-BD71-14C08F6762F3}"
EndProject
Project("{2150E333-8FDC-42A3-9474-1A3956D46DE8}") = "ExternalApi", "ExternalApi", "{2011B33D-97E1-450D-BF96-1F0FA54AD33C}"
EndProject
Project("{2150E333-8FDC-42A3-9474-1A3956D46DE8}") = "Service", "Service", "{70250E06-E9F8-4816-B963-6584468E8BFA}"
EndProject
Project("{2150E333-8FDC-42A3-9474-1A3956D46DE8}") = "Domain", "Domain", "{7FA79F3C-293D-4414-A023-A0E3524838A3}"
EndProject
Project("{FAE04EC0-301F-11D3-BF4B-00C04F79EFBC}") = "ExternalApi.TheMovieDB.Domain", "ExternalApi.TheMovieDB.Domain\ExternalApi.TheMovieDB.Domain.csproj", "{0046EC50-DDD0-4050-9853-1D42920FB99A}"
EndProject
Project("{FAE04EC0-301F-11D3-BF4B-00C04F79EFBC}") = "ExternalApi.TheMovieDB.Service", "ExternalApi.TheMovieDB.Service\ExternalApi.TheMovieDB.Service.csproj", "{3A44A19B-9389-422E-BC03-B28DD30B8A80}"
EndProject
Project("{FAE04EC0-301F-11D3-BF4B-00C04F79EFBC}") = "Web.Mvc", "Web.Mvc\Web.Mvc.csproj", "{C0694980-E53F-4C00-8F8C-D8676C1E890E}"
EndProject
Project("{2150E333-8FDC-42A3-9474-1A3956D46DE8}") = "Data", "Data", "{6DCAE9B3-87A2-472C-9EE2-491F936BFB4D}"
EndProject
Project("{FAE04EC0-301F-11D3-BF4B-00C04F79EFBC}") = "ExternalApi.Data", "ExternalApi.Data\ExternalApi.Data.csproj", "{C3D38358-553B-48DE-B53D-167620802DB6}"
EndProject
Project("{FAE04EC0-301F-11D3-BF4B-00C04F79EFBC}") = "ExternalApi.Domain", "ExternalApi.Domain\ExternalApi.Domain.csproj", "{DAD254A4-E264-4C6F-B43B-D54C86F49CE8}"
EndProject
Project("{FAE04EC0-301F-11D3-BF4B-00C04F79EFBC}") = "Web.Controllers", "Web.Controllers\Web.Controllers.csproj", "{04B45ADC-FB38-40EA-9821-B615CE2ACFEB}"
EndProject
Project("{2150E333-8FDC-42A3-9474-1A3956D46DE8}") = "Web", "Web", "{0C0D1370-6E7B-4A94-837D-7ECDB60D84E7}"
EndProject
Project("{FAE04EC0-301F-11D3-BF4B-00C04F79EFBC}") = "Web.Models", "Web.Models\Web.Models.csproj", "{01DB9647-9BE7-4661-AC8E-C8177A759AC7}"
EndProject
Project("{2150E333-8FDC-42A3-9474-1A3956D46DE8}") = "Library", "Library", "{02D26DA2-AEDF-4DE9-8654-DB4BF5CD8B31}"
EndProject
Project("{2150E333-8FDC-42A3-9474-1A3956D46DE8}") = "Service", "Service", "{2EE246F5-30E5-43C7-9CB4-309F6552C3B7}"
EndProject
Project("{FAE04EC0-301F-11D3-BF4B-00C04F79EFBC}") = "Library.Service", "Library.Service\Library.Service.csproj", "{352F329F-369B-4676-A8C6-627385D01E56}"
EndProject
Project("{2150E333-8FDC-42A3-9474-1A3956D46DE8}") = "Data", "Data", "{283FA945-57B7-45F7-BC1F-C070F85B35E0}"
EndProject
Project("{FAE04EC0-301F-11D3-BF4B-00C04F79EFBC}") = "Library.Data", "Libary.Data\Library.Data.csproj", "{BFDCB62B-141C-4405-AA98-EFCECF9DE579}"
EndProject
Project("{2150E333-8FDC-42A3-9474-1A3956D46DE8}") = "Domain", "Domain", "{5B3EE525-187D-497A-9C92-DDB92EB1AD1F}"
EndProject
Project("{FAE04EC0-301F-11D3-BF4B-00C04F79EFBC}") = "Library.Domain", "Library.Domain\Library.Domain.csproj", "{B850B92B-BAD1-4510-A67C-082B1458ABAB}"
EndProject
Global
	GlobalSection(SolutionConfigurationPlatforms) = preSolution
		Debug|Any CPU = Debug|Any CPU
		Debug-Web|Any CPU = Debug-Web|Any CPU
		Release|Any CPU = Release|Any CPU
	EndGlobalSection
	GlobalSection(ProjectConfigurationPlatforms) = postSolution
		{5E0B4A00-FD6F-4A30-BECD-2B194DC2B307}.Debug|Any CPU.ActiveCfg = Debug|Any CPU
		{5E0B4A00-FD6F-4A30-BECD-2B194DC2B307}.Debug|Any CPU.Build.0 = Debug|Any CPU
		{5E0B4A00-FD6F-4A30-BECD-2B194DC2B307}.Debug-Web|Any CPU.ActiveCfg = Debug-Web|Any CPU
		{5E0B4A00-FD6F-4A30-BECD-2B194DC2B307}.Debug-Web|Any CPU.Build.0 = Debug-Web|Any CPU
		{5E0B4A00-FD6F-4A30-BECD-2B194DC2B307}.Release|Any CPU.ActiveCfg = Release|Any CPU
		{5E0B4A00-FD6F-4A30-BECD-2B194DC2B307}.Release|Any CPU.Build.0 = Release|Any CPU
		{078C0F30-8613-4370-BD71-14C08F6762F3}.Debug|Any CPU.ActiveCfg = Debug|Any CPU
		{078C0F30-8613-4370-BD71-14C08F6762F3}.Debug-Web|Any CPU.ActiveCfg = Debug-Web|Any CPU
		{078C0F30-8613-4370-BD71-14C08F6762F3}.Debug-Web|Any CPU.Build.0 = Debug-Web|Any CPU
		{078C0F30-8613-4370-BD71-14C08F6762F3}.Release|Any CPU.ActiveCfg = Release|Any CPU
		{078C0F30-8613-4370-BD71-14C08F6762F3}.Release|Any CPU.Build.0 = Release|Any CPU
		{0046EC50-DDD0-4050-9853-1D42920FB99A}.Debug|Any CPU.ActiveCfg = Debug|Any CPU
		{0046EC50-DDD0-4050-9853-1D42920FB99A}.Debug|Any CPU.Build.0 = Debug|Any CPU
		{0046EC50-DDD0-4050-9853-1D42920FB99A}.Debug-Web|Any CPU.ActiveCfg = Debug-Web|Any CPU
		{0046EC50-DDD0-4050-9853-1D42920FB99A}.Debug-Web|Any CPU.Build.0 = Debug-Web|Any CPU
		{0046EC50-DDD0-4050-9853-1D42920FB99A}.Release|Any CPU.ActiveCfg = Release|Any CPU
		{0046EC50-DDD0-4050-9853-1D42920FB99A}.Release|Any CPU.Build.0 = Release|Any CPU
		{3A44A19B-9389-422E-BC03-B28DD30B8A80}.Debug|Any CPU.ActiveCfg = Debug|Any CPU
		{3A44A19B-9389-422E-BC03-B28DD30B8A80}.Debug|Any CPU.Build.0 = Debug|Any CPU
		{3A44A19B-9389-422E-BC03-B28DD30B8A80}.Debug-Web|Any CPU.ActiveCfg = Debug-Web|Any CPU
		{3A44A19B-9389-422E-BC03-B28DD30B8A80}.Debug-Web|Any CPU.Build.0 = Debug-Web|Any CPU
		{3A44A19B-9389-422E-BC03-B28DD30B8A80}.Release|Any CPU.ActiveCfg = Release|Any CPU
		{3A44A19B-9389-422E-BC03-B28DD30B8A80}.Release|Any CPU.Build.0 = Release|Any CPU
		{C0694980-E53F-4C00-8F8C-D8676C1E890E}.Debug|Any CPU.ActiveCfg = Debug|Any CPU
		{C0694980-E53F-4C00-8F8C-D8676C1E890E}.Debug|Any CPU.Build.0 = Debug|Any CPU
		{C0694980-E53F-4C00-8F8C-D8676C1E890E}.Debug-Web|Any CPU.ActiveCfg = Debug|Any CPU
		{C0694980-E53F-4C00-8F8C-D8676C1E890E}.Debug-Web|Any CPU.Build.0 = Debug|Any CPU
		{C0694980-E53F-4C00-8F8C-D8676C1E890E}.Release|Any CPU.ActiveCfg = Release|Any CPU
		{C0694980-E53F-4C00-8F8C-D8676C1E890E}.Release|Any CPU.Build.0 = Release|Any CPU
		{C3D38358-553B-48DE-B53D-167620802DB6}.Debug|Any CPU.ActiveCfg = Debug|Any CPU
		{C3D38358-553B-48DE-B53D-167620802DB6}.Debug|Any CPU.Build.0 = Debug|Any CPU
		{C3D38358-553B-48DE-B53D-167620802DB6}.Debug-Web|Any CPU.ActiveCfg = Debug|Any CPU
		{C3D38358-553B-48DE-B53D-167620802DB6}.Debug-Web|Any CPU.Build.0 = Debug|Any CPU
		{C3D38358-553B-48DE-B53D-167620802DB6}.Release|Any CPU.ActiveCfg = Release|Any CPU
		{C3D38358-553B-48DE-B53D-167620802DB6}.Release|Any CPU.Build.0 = Release|Any CPU
		{DAD254A4-E264-4C6F-B43B-D54C86F49CE8}.Debug|Any CPU.ActiveCfg = Debug|Any CPU
		{DAD254A4-E264-4C6F-B43B-D54C86F49CE8}.Debug|Any CPU.Build.0 = Debug|Any CPU
		{DAD254A4-E264-4C6F-B43B-D54C86F49CE8}.Debug-Web|Any CPU.ActiveCfg = Debug|Any CPU
		{DAD254A4-E264-4C6F-B43B-D54C86F49CE8}.Debug-Web|Any CPU.Build.0 = Debug|Any CPU
		{DAD254A4-E264-4C6F-B43B-D54C86F49CE8}.Release|Any CPU.ActiveCfg = Release|Any CPU
		{DAD254A4-E264-4C6F-B43B-D54C86F49CE8}.Release|Any CPU.Build.0 = Release|Any CPU
		{04B45ADC-FB38-40EA-9821-B615CE2ACFEB}.Debug|Any CPU.ActiveCfg = Debug|Any CPU
		{04B45ADC-FB38-40EA-9821-B615CE2ACFEB}.Debug|Any CPU.Build.0 = Debug|Any CPU
		{04B45ADC-FB38-40EA-9821-B615CE2ACFEB}.Debug-Web|Any CPU.ActiveCfg = Debug|Any CPU
		{04B45ADC-FB38-40EA-9821-B615CE2ACFEB}.Debug-Web|Any CPU.Build.0 = Debug|Any CPU
		{04B45ADC-FB38-40EA-9821-B615CE2ACFEB}.Release|Any CPU.ActiveCfg = Release|Any CPU
		{04B45ADC-FB38-40EA-9821-B615CE2ACFEB}.Release|Any CPU.Build.0 = Release|Any CPU
		{01DB9647-9BE7-4661-AC8E-C8177A759AC7}.Debug|Any CPU.ActiveCfg = Debug|Any CPU
		{01DB9647-9BE7-4661-AC8E-C8177A759AC7}.Debug|Any CPU.Build.0 = Debug|Any CPU
		{01DB9647-9BE7-4661-AC8E-C8177A759AC7}.Debug-Web|Any CPU.ActiveCfg = Debug|Any CPU
		{01DB9647-9BE7-4661-AC8E-C8177A759AC7}.Debug-Web|Any CPU.Build.0 = Debug|Any CPU
		{01DB9647-9BE7-4661-AC8E-C8177A759AC7}.Release|Any CPU.ActiveCfg = Release|Any CPU
		{01DB9647-9BE7-4661-AC8E-C8177A759AC7}.Release|Any CPU.Build.0 = Release|Any CPU
		{352F329F-369B-4676-A8C6-627385D01E56}.Debug|Any CPU.ActiveCfg = Debug|Any CPU
		{352F329F-369B-4676-A8C6-627385D01E56}.Debug|Any CPU.Build.0 = Debug|Any CPU
		{352F329F-369B-4676-A8C6-627385D01E56}.Debug-Web|Any CPU.ActiveCfg = Debug|Any CPU
		{352F329F-369B-4676-A8C6-627385D01E56}.Debug-Web|Any CPU.Build.0 = Debug|Any CPU
		{352F329F-369B-4676-A8C6-627385D01E56}.Release|Any CPU.ActiveCfg = Release|Any CPU
		{352F329F-369B-4676-A8C6-627385D01E56}.Release|Any CPU.Build.0 = Release|Any CPU
		{BFDCB62B-141C-4405-AA98-EFCECF9DE579}.Debug|Any CPU.ActiveCfg = Debug|Any CPU
		{BFDCB62B-141C-4405-AA98-EFCECF9DE579}.Debug|Any CPU.Build.0 = Debug|Any CPU
		{BFDCB62B-141C-4405-AA98-EFCECF9DE579}.Debug-Web|Any CPU.ActiveCfg = Debug|Any CPU
		{BFDCB62B-141C-4405-AA98-EFCECF9DE579}.Debug-Web|Any CPU.Build.0 = Debug|Any CPU
		{BFDCB62B-141C-4405-AA98-EFCECF9DE579}.Release|Any CPU.ActiveCfg = Release|Any CPU
		{BFDCB62B-141C-4405-AA98-EFCECF9DE579}.Release|Any CPU.Build.0 = Release|Any CPU
		{B850B92B-BAD1-4510-A67C-082B1458ABAB}.Debug|Any CPU.ActiveCfg = Debug|Any CPU
		{B850B92B-BAD1-4510-A67C-082B1458ABAB}.Debug|Any CPU.Build.0 = Debug|Any CPU
		{B850B92B-BAD1-4510-A67C-082B1458ABAB}.Debug-Web|Any CPU.ActiveCfg = Debug|Any CPU
		{B850B92B-BAD1-4510-A67C-082B1458ABAB}.Debug-Web|Any CPU.Build.0 = Debug|Any CPU
		{B850B92B-BAD1-4510-A67C-082B1458ABAB}.Release|Any CPU.ActiveCfg = Release|Any CPU
		{B850B92B-BAD1-4510-A67C-082B1458ABAB}.Release|Any CPU.Build.0 = Release|Any CPU
	EndGlobalSection
	GlobalSection(SolutionProperties) = preSolution
		HideSolutionNode = FALSE
	EndGlobalSection
	GlobalSection(NestedProjects) = preSolution
		{70250E06-E9F8-4816-B963-6584468E8BFA} = {2011B33D-97E1-450D-BF96-1F0FA54AD33C}
		{7FA79F3C-293D-4414-A023-A0E3524838A3} = {2011B33D-97E1-450D-BF96-1F0FA54AD33C}
		{0046EC50-DDD0-4050-9853-1D42920FB99A} = {7FA79F3C-293D-4414-A023-A0E3524838A3}
		{3A44A19B-9389-422E-BC03-B28DD30B8A80} = {70250E06-E9F8-4816-B963-6584468E8BFA}
		{C0694980-E53F-4C00-8F8C-D8676C1E890E} = {0C0D1370-6E7B-4A94-837D-7ECDB60D84E7}
		{6DCAE9B3-87A2-472C-9EE2-491F936BFB4D} = {2011B33D-97E1-450D-BF96-1F0FA54AD33C}
		{C3D38358-553B-48DE-B53D-167620802DB6} = {6DCAE9B3-87A2-472C-9EE2-491F936BFB4D}
		{DAD254A4-E264-4C6F-B43B-D54C86F49CE8} = {7FA79F3C-293D-4414-A023-A0E3524838A3}
		{04B45ADC-FB38-40EA-9821-B615CE2ACFEB} = {0C0D1370-6E7B-4A94-837D-7ECDB60D84E7}
		{01DB9647-9BE7-4661-AC8E-C8177A759AC7} = {0C0D1370-6E7B-4A94-837D-7ECDB60D84E7}
		{2EE246F5-30E5-43C7-9CB4-309F6552C3B7} = {02D26DA2-AEDF-4DE9-8654-DB4BF5CD8B31}
		{352F329F-369B-4676-A8C6-627385D01E56} = {2EE246F5-30E5-43C7-9CB4-309F6552C3B7}
		{283FA945-57B7-45F7-BC1F-C070F85B35E0} = {02D26DA2-AEDF-4DE9-8654-DB4BF5CD8B31}
		{BFDCB62B-141C-4405-AA98-EFCECF9DE579} = {283FA945-57B7-45F7-BC1F-C070F85B35E0}
		{5B3EE525-187D-497A-9C92-DDB92EB1AD1F} = {02D26DA2-AEDF-4DE9-8654-DB4BF5CD8B31}
		{B850B92B-BAD1-4510-A67C-082B1458ABAB} = {5B3EE525-187D-497A-9C92-DDB92EB1AD1F}
	EndGlobalSection
EndGlobal
